
Microsoft Visual Studio Solution File, Format Version 12.00
# Visual Studio Version 17
VisualStudioVersion = 17.0.32112.339
MinimumVisualStudioVersion = 10.0.40219.1
Project("{00D1A9C2-B5F0-4AF3-8072-F6C62B433612}") = "CountryLibE2e.Db", "CountryLibE2e.Db.sqlproj", "{9422644A-6BFA-44F8-8921-2A22230FDE0C}"
EndProject
Global
	GlobalSection(SolutionConfigurationPlatforms) = preSolution
		Debug|Any CPU = Debug|Any CPU
		Release|Any CPU = Release|Any CPU
	EndGlobalSection
	GlobalSection(ProjectConfigurationPlatforms) = postSolution
		{9422644A-6BFA-44F8-8921-2A22230FDE0C}.Debug|Any CPU.ActiveCfg = Debug|Any CPU
		{9422644A-6BFA-44F8-8921-2A22230FDE0C}.Debug|Any CPU.Build.0 = Debug|Any CPU
		{9422644A-6BFA-44F8-8921-2A22230FDE0C}.Debug|Any CPU.Deploy.0 = Debug|Any CPU
		{9422644A-6BFA-44F8-8921-2A22230FDE0C}.Release|Any CPU.ActiveCfg = Release|Any CPU
		{9422644A-6BFA-44F8-8921-2A22230FDE0C}.Release|Any CPU.Build.0 = Release|Any CPU
		{9422644A-6BFA-44F8-8921-2A22230FDE0C}.Release|Any CPU.Deploy.0 = Release|Any CPU
		{8D08A4B2-830C-47F3-9920-580C36F975DD}.Debug|Any CPU.ActiveCfg = Debug|Any CPU
		{8D08A4B2-830C-47F3-9920-580C36F975DD}.Debug|Any CPU.Build.0 = Debug|Any CPU
		{8D08A4B2-830C-47F3-9920-580C36F975DD}.Debug|Any CPU.Deploy.0 = Debug|Any CPU
		{8D08A4B2-830C-47F3-9920-580C36F975DD}.Release|Any CPU.ActiveCfg = Release|Any CPU
		{8D08A4B2-830C-47F3-9920-580C36F975DD}.Release|Any CPU.Build.0 = Release|Any CPU
		{8D08A4B2-830C-47F3-9920-580C36F975DD}.Release|Any CPU.Deploy.0 = Release|Any CPU
	EndGlobalSection
	GlobalSection(SolutionProperties) = preSolution
		HideSolutionNode = FALSE
	EndGlobalSection
	GlobalSection(ExtensibilityGlobals) = postSolution
		SolutionGuid = {3602FD21-8680-4ABA-8A03-30BD9971DA79}
	EndGlobalSection
EndGlobal
